
Microsoft Visual Studio Solution File, Format Version 12.00
# Visual Studio 2017
Project("{FAE04EC0-301F-11D3-BF4B-00C04F79EFBC}") = "Oscar_SemanticObjects", "Oscar_SemanticObjects.csproj", "{087E764A-3C5C-1CBF-4272-F24C43B61371}"
EndProject
Project("{FAE04EC0-301F-11D3-BF4B-00C04F79EFBC}") = "Oscar_SemanticObjects.Editor", "Oscar_SemanticObjects.Editor.csproj", "{7FD4FE00-FCD2-2DF2-0AEB-7BEF3120874D}"
EndProject
Global
	GlobalSection(SolutionConfigurationPlatforms) = preSolution
		Debug|Any CPU = Debug|Any CPU
		Release|Any CPU = Release|Any CPU
	EndGlobalSection
	GlobalSection(ProjectConfigurationPlatforms) = postSolution
		{087E764A-3C5C-1CBF-4272-F24C43B61371}.Debug|Any CPU.ActiveCfg = Debug|Any CPU
		{087E764A-3C5C-1CBF-4272-F24C43B61371}.Debug|Any CPU.Build.0 = Debug|Any CPU
		{087E764A-3C5C-1CBF-4272-F24C43B61371}.Release|Any CPU.ActiveCfg = Release|Any CPU
		{087E764A-3C5C-1CBF-4272-F24C43B61371}.Release|Any CPU.Build.0 = Release|Any CPU
		{7FD4FE00-FCD2-2DF2-0AEB-7BEF3120874D}.Debug|Any CPU.ActiveCfg = Debug|Any CPU
		{7FD4FE00-FCD2-2DF2-0AEB-7BEF3120874D}.Debug|Any CPU.Build.0 = Debug|Any CPU
		{7FD4FE00-FCD2-2DF2-0AEB-7BEF3120874D}.Release|Any CPU.ActiveCfg = Release|Any CPU
		{7FD4FE00-FCD2-2DF2-0AEB-7BEF3120874D}.Release|Any CPU.Build.0 = Release|Any CPU
	EndGlobalSection
	GlobalSection(SolutionProperties) = preSolution
		HideSolutionNode = FALSE
	EndGlobalSection
EndGlobal
